// !$*UTF8*$!
{
	archiveVersion = 1;
	classes = {
	};
	objectVersion = 46;
	objects = {

/* Begin PBXBuildFile section */
		F87A159F1444926300318955 /* AFURLConnectionOperation.m in Sources */ = {isa = PBXBuildFile; fileRef = F87A159E1444926300318955 /* AFURLConnectionOperation.m */; settings = {COMPILER_FLAGS = "-fno-objc-arc"; }; };
		F87A15A21444926A00318955 /* AFXMLRequestOperation.m in Sources */ = {isa = PBXBuildFile; fileRef = F87A15A11444926900318955 /* AFXMLRequestOperation.m */; settings = {COMPILER_FLAGS = "-fno-objc-arc"; }; };
		F87A15A51444927300318955 /* AFPropertyListRequestOperation.m in Sources */ = {isa = PBXBuildFile; fileRef = F87A15A41444927300318955 /* AFPropertyListRequestOperation.m */; settings = {COMPILER_FLAGS = "-fno-objc-arc"; }; };
		F87A15CD1444A30800318955 /* AFGowallaAPIClient.m in Sources */ = {isa = PBXBuildFile; fileRef = F87A15C61444A30800318955 /* AFGowallaAPIClient.m */; };
		F87A15CE1444A30800318955 /* NearbySpotsController.m in Sources */ = {isa = PBXBuildFile; fileRef = F87A15C91444A30800318955 /* NearbySpotsController.m */; };
		F87A15CF1444A30800318955 /* Spot.m in Sources */ = {isa = PBXBuildFile; fileRef = F87A15CC1444A30800318955 /* Spot.m */; };
		F87A15D11444A3EB00318955 /* CoreLocation.framework in Frameworks */ = {isa = PBXBuildFile; fileRef = F87A15D01444A3EB00318955 /* CoreLocation.framework */; };
		F87A15DD1444A86600318955 /* placeholder-stamp.png in Resources */ = {isa = PBXBuildFile; fileRef = F87A15DB1444A86600318955 /* placeholder-stamp.png */; };
		F897DE78142CFEDC000DDD35 /* AFHTTPClient.m in Sources */ = {isa = PBXBuildFile; fileRef = F897DE6A142CFEDC000DDD35 /* AFHTTPClient.m */; settings = {COMPILER_FLAGS = "-fno-objc-arc"; }; };
		F897DE79142CFEDC000DDD35 /* AFHTTPRequestOperation.m in Sources */ = {isa = PBXBuildFile; fileRef = F897DE6C142CFEDC000DDD35 /* AFHTTPRequestOperation.m */; settings = {COMPILER_FLAGS = "-fno-objc-arc"; }; };
		F897DE7A142CFEDC000DDD35 /* AFImageCache.m in Sources */ = {isa = PBXBuildFile; fileRef = F897DE6E142CFEDC000DDD35 /* AFImageCache.m */; settings = {COMPILER_FLAGS = "-fno-objc-arc"; }; };
		F897DE7B142CFEDC000DDD35 /* AFImageRequestOperation.m in Sources */ = {isa = PBXBuildFile; fileRef = F897DE70142CFEDC000DDD35 /* AFImageRequestOperation.m */; settings = {COMPILER_FLAGS = "-fno-objc-arc"; }; };
		F897DE7C142CFEDC000DDD35 /* AFJSONRequestOperation.m in Sources */ = {isa = PBXBuildFile; fileRef = F897DE72142CFEDC000DDD35 /* AFJSONRequestOperation.m */; settings = {COMPILER_FLAGS = "-fno-objc-arc"; }; };
		F8A27AC7142CFE1300F5E0D6 /* AppDelegate.m in Sources */ = {isa = PBXBuildFile; fileRef = F8A27AB2142CFE1300F5E0D6 /* AppDelegate.m */; };
		F8A27AC8142CFE1300F5E0D6 /* main.m in Sources */ = {isa = PBXBuildFile; fileRef = F8A27AB3142CFE1300F5E0D6 /* main.m */; };
		F8A27AC9142CFE1300F5E0D6 /* Credits.rtf in Resources */ = {isa = PBXBuildFile; fileRef = F8A27AB9142CFE1300F5E0D6 /* Credits.rtf */; };
		F8A27ACA142CFE1300F5E0D6 /* MainMenu.xib in Resources */ = {isa = PBXBuildFile; fileRef = F8A27ABB142CFE1300F5E0D6 /* MainMenu.xib */; };
		F8A27ACB142CFE1300F5E0D6 /* JSONKit.m in Sources */ = {isa = PBXBuildFile; fileRef = F8A27AC0142CFE1300F5E0D6 /* JSONKit.m */; settings = {COMPILER_FLAGS = "-fno-objc-arc"; }; };
		F8CEEB6F142CEC6E00247B03 /* Cocoa.framework in Frameworks */ = {isa = PBXBuildFile; fileRef = F8CEEB6E142CEC6E00247B03 /* Cocoa.framework */; };
/* End PBXBuildFile section */

/* Begin PBXFileReference section */
		F8323C901455B4FE00190CCB /* AFJSONUtilities.h */ = {isa = PBXFileReference; fileEncoding = 4; lastKnownFileType = sourcecode.c.h; path = AFJSONUtilities.h; sourceTree = "<group>"; };
		F87A159D1444926300318955 /* AFURLConnectionOperation.h */ = {isa = PBXFileReference; fileEncoding = 4; lastKnownFileType = sourcecode.c.h; path = AFURLConnectionOperation.h; sourceTree = "<group>"; };
		F87A159E1444926300318955 /* AFURLConnectionOperation.m */ = {isa = PBXFileReference; fileEncoding = 4; lastKnownFileType = sourcecode.c.objc; path = AFURLConnectionOperation.m; sourceTree = "<group>"; };
		F87A15A01444926900318955 /* AFXMLRequestOperation.h */ = {isa = PBXFileReference; fileEncoding = 4; lastKnownFileType = sourcecode.c.h; path = AFXMLRequestOperation.h; sourceTree = "<group>"; };
		F87A15A11444926900318955 /* AFXMLRequestOperation.m */ = {isa = PBXFileReference; fileEncoding = 4; lastKnownFileType = sourcecode.c.objc; path = AFXMLRequestOperation.m; sourceTree = "<group>"; };
		F87A15A31444927300318955 /* AFPropertyListRequestOperation.h */ = {isa = PBXFileReference; fileEncoding = 4; lastKnownFileType = sourcecode.c.h; path = AFPropertyListRequestOperation.h; sourceTree = "<group>"; };
		F87A15A41444927300318955 /* AFPropertyListRequestOperation.m */ = {isa = PBXFileReference; fileEncoding = 4; lastKnownFileType = sourcecode.c.objc; path = AFPropertyListRequestOperation.m; sourceTree = "<group>"; };
		F87A15C51444A30800318955 /* AFGowallaAPIClient.h */ = {isa = PBXFileReference; fileEncoding = 4; lastKnownFileType = sourcecode.c.h; path = AFGowallaAPIClient.h; sourceTree = "<group>"; };
		F87A15C61444A30800318955 /* AFGowallaAPIClient.m */ = {isa = PBXFileReference; fileEncoding = 4; lastKnownFileType = sourcecode.c.objc; path = AFGowallaAPIClient.m; sourceTree = "<group>"; };
		F87A15C81444A30800318955 /* NearbySpotsController.h */ = {isa = PBXFileReference; fileEncoding = 4; lastKnownFileType = sourcecode.c.h; path = NearbySpotsController.h; sourceTree = "<group>"; };
		F87A15C91444A30800318955 /* NearbySpotsController.m */ = {isa = PBXFileReference; fileEncoding = 4; lastKnownFileType = sourcecode.c.objc; path = NearbySpotsController.m; sourceTree = "<group>"; };
		F87A15CB1444A30800318955 /* Spot.h */ = {isa = PBXFileReference; fileEncoding = 4; lastKnownFileType = sourcecode.c.h; path = Spot.h; sourceTree = "<group>"; };
		F87A15CC1444A30800318955 /* Spot.m */ = {isa = PBXFileReference; fileEncoding = 4; lastKnownFileType = sourcecode.c.objc; path = Spot.m; sourceTree = "<group>"; };
		F87A15D01444A3EB00318955 /* CoreLocation.framework */ = {isa = PBXFileReference; lastKnownFileType = wrapper.framework; name = CoreLocation.framework; path = System/Library/Frameworks/CoreLocation.framework; sourceTree = SDKROOT; };
		F87A15DB1444A86600318955 /* placeholder-stamp.png */ = {isa = PBXFileReference; lastKnownFileType = image.png; path = "placeholder-stamp.png"; sourceTree = "<group>"; };
		F897DE69142CFEDC000DDD35 /* AFHTTPClient.h */ = {isa = PBXFileReference; fileEncoding = 4; lastKnownFileType = sourcecode.c.h; path = AFHTTPClient.h; sourceTree = "<group>"; };
		F897DE6A142CFEDC000DDD35 /* AFHTTPClient.m */ = {isa = PBXFileReference; fileEncoding = 4; lastKnownFileType = sourcecode.c.objc; path = AFHTTPClient.m; sourceTree = "<group>"; };
		F897DE6B142CFEDC000DDD35 /* AFHTTPRequestOperation.h */ = {isa = PBXFileReference; fileEncoding = 4; lastKnownFileType = sourcecode.c.h; path = AFHTTPRequestOperation.h; sourceTree = "<group>"; };
		F897DE6C142CFEDC000DDD35 /* AFHTTPRequestOperation.m */ = {isa = PBXFileReference; fileEncoding = 4; lastKnownFileType = sourcecode.c.objc; path = AFHTTPRequestOperation.m; sourceTree = "<group>"; };
		F897DE6D142CFEDC000DDD35 /* AFImageCache.h */ = {isa = PBXFileReference; fileEncoding = 4; lastKnownFileType = sourcecode.c.h; path = AFImageCache.h; sourceTree = "<group>"; };
		F897DE6E142CFEDC000DDD35 /* AFImageCache.m */ = {isa = PBXFileReference; fileEncoding = 4; lastKnownFileType = sourcecode.c.objc; path = AFImageCache.m; sourceTree = "<group>"; };
		F897DE6F142CFEDC000DDD35 /* AFImageRequestOperation.h */ = {isa = PBXFileReference; fileEncoding = 4; lastKnownFileType = sourcecode.c.h; path = AFImageRequestOperation.h; sourceTree = "<group>"; };
		F897DE70142CFEDC000DDD35 /* AFImageRequestOperation.m */ = {isa = PBXFileReference; fileEncoding = 4; lastKnownFileType = sourcecode.c.objc; path = AFImageRequestOperation.m; sourceTree = "<group>"; };
		F897DE71142CFEDC000DDD35 /* AFJSONRequestOperation.h */ = {isa = PBXFileReference; fileEncoding = 4; lastKnownFileType = sourcecode.c.h; path = AFJSONRequestOperation.h; sourceTree = "<group>"; };
		F897DE72142CFEDC000DDD35 /* AFJSONRequestOperation.m */ = {isa = PBXFileReference; fileEncoding = 4; lastKnownFileType = sourcecode.c.objc; path = AFJSONRequestOperation.m; sourceTree = "<group>"; };
		F897DE75142CFEDC000DDD35 /* AFNetworking.h */ = {isa = PBXFileReference; fileEncoding = 4; lastKnownFileType = sourcecode.c.h; path = AFNetworking.h; sourceTree = "<group>"; };
		F8A27AB1142CFE1300F5E0D6 /* Info.plist */ = {isa = PBXFileReference; fileEncoding = 4; lastKnownFileType = text.plist.xml; path = Info.plist; sourceTree = "<group>"; };
		F8A27AB2142CFE1300F5E0D6 /* AppDelegate.m */ = {isa = PBXFileReference; fileEncoding = 4; lastKnownFileType = sourcecode.c.objc; path = AppDelegate.m; sourceTree = "<group>"; };
		F8A27AB3142CFE1300F5E0D6 /* main.m */ = {isa = PBXFileReference; fileEncoding = 4; lastKnownFileType = sourcecode.c.objc; path = main.m; sourceTree = "<group>"; };
		F8A27ABA142CFE1300F5E0D6 /* en */ = {isa = PBXFileReference; lastKnownFileType = text.rtf; name = en; path = Credits.rtf; sourceTree = "<group>"; };
		F8A27ABC142CFE1300F5E0D6 /* en */ = {isa = PBXFileReference; lastKnownFileType = file.xib; name = en; path = MainMenu.xib; sourceTree = "<group>"; };
		F8A27ABF142CFE1300F5E0D6 /* JSONKit.h */ = {isa = PBXFileReference; fileEncoding = 4; lastKnownFileType = sourcecode.c.h; path = JSONKit.h; sourceTree = "<group>"; };
		F8A27AC0142CFE1300F5E0D6 /* JSONKit.m */ = {isa = PBXFileReference; fileEncoding = 4; lastKnownFileType = sourcecode.c.objc; path = JSONKit.m; sourceTree = "<group>"; };
		F8A27AC4142CFE1300F5E0D6 /* Prefix.pch */ = {isa = PBXFileReference; fileEncoding = 4; lastKnownFileType = sourcecode.c.h; path = Prefix.pch; sourceTree = "<group>"; };
		F8A27AC5142CFE1300F5E0D6 /* AppDelegate.h */ = {isa = PBXFileReference; fileEncoding = 4; lastKnownFileType = sourcecode.c.h; path = AppDelegate.h; sourceTree = "<group>"; };
		F8CEEB6A142CEC6E00247B03 /* AFNetworking Mac Example.app */ = {isa = PBXFileReference; explicitFileType = wrapper.application; includeInIndex = 0; path = "AFNetworking Mac Example.app"; sourceTree = BUILT_PRODUCTS_DIR; };
		F8CEEB6E142CEC6E00247B03 /* Cocoa.framework */ = {isa = PBXFileReference; lastKnownFileType = wrapper.framework; name = Cocoa.framework; path = System/Library/Frameworks/Cocoa.framework; sourceTree = SDKROOT; };
		F8CEEB71142CEC6E00247B03 /* AppKit.framework */ = {isa = PBXFileReference; lastKnownFileType = wrapper.framework; name = AppKit.framework; path = System/Library/Frameworks/AppKit.framework; sourceTree = SDKROOT; };
		F8CEEB72142CEC6E00247B03 /* CoreData.framework */ = {isa = PBXFileReference; lastKnownFileType = wrapper.framework; name = CoreData.framework; path = System/Library/Frameworks/CoreData.framework; sourceTree = SDKROOT; };
		F8CEEB73142CEC6E00247B03 /* Foundation.framework */ = {isa = PBXFileReference; lastKnownFileType = wrapper.framework; name = Foundation.framework; path = System/Library/Frameworks/Foundation.framework; sourceTree = SDKROOT; };
/* End PBXFileReference section */

/* Begin PBXFrameworksBuildPhase section */
		F8CEEB67142CEC6E00247B03 /* Frameworks */ = {
			isa = PBXFrameworksBuildPhase;
			buildActionMask = 2147483647;
			files = (
				F87A15D11444A3EB00318955 /* CoreLocation.framework in Frameworks */,
				F8CEEB6F142CEC6E00247B03 /* Cocoa.framework in Frameworks */,
			);
			runOnlyForDeploymentPostprocessing = 0;
		};
/* End PBXFrameworksBuildPhase section */

/* Begin PBXGroup section */
		F87A15C41444A30800318955 /* Classes */ = {
			isa = PBXGroup;
			children = (
				F87A15C51444A30800318955 /* AFGowallaAPIClient.h */,
				F87A15C61444A30800318955 /* AFGowallaAPIClient.m */,
				F87A15C71444A30800318955 /* Controllers */,
				F87A15CA1444A30800318955 /* Models */,
			);
			path = Classes;
			sourceTree = "<group>";
		};
		F87A15C71444A30800318955 /* Controllers */ = {
			isa = PBXGroup;
			children = (
				F87A15C81444A30800318955 /* NearbySpotsController.h */,
				F87A15C91444A30800318955 /* NearbySpotsController.m */,
			);
			path = Controllers;
			sourceTree = "<group>";
		};
		F87A15CA1444A30800318955 /* Models */ = {
			isa = PBXGroup;
			children = (
				F87A15CB1444A30800318955 /* Spot.h */,
				F87A15CC1444A30800318955 /* Spot.m */,
			);
			path = Models;
			sourceTree = "<group>";
		};
		F87A15DA1444A86600318955 /* Images */ = {
			isa = PBXGroup;
			children = (
				F87A15DB1444A86600318955 /* placeholder-stamp.png */,
			);
			path = Images;
			sourceTree = "<group>";
		};
		F897DE68142CFEDC000DDD35 /* AFNetworking */ = {
			isa = PBXGroup;
			children = (
				F897DE75142CFEDC000DDD35 /* AFNetworking.h */,
				F87A159D1444926300318955 /* AFURLConnectionOperation.h */,
				F87A159E1444926300318955 /* AFURLConnectionOperation.m */,
				F897DE6B142CFEDC000DDD35 /* AFHTTPRequestOperation.h */,
				F897DE6C142CFEDC000DDD35 /* AFHTTPRequestOperation.m */,
				F897DE71142CFEDC000DDD35 /* AFJSONRequestOperation.h */,
				F897DE72142CFEDC000DDD35 /* AFJSONRequestOperation.m */,
				F87A15A01444926900318955 /* AFXMLRequestOperation.h */,
				F87A15A11444926900318955 /* AFXMLRequestOperation.m */,
				F87A15A31444927300318955 /* AFPropertyListRequestOperation.h */,
				F87A15A41444927300318955 /* AFPropertyListRequestOperation.m */,
				F897DE69142CFEDC000DDD35 /* AFHTTPClient.h */,
				F897DE6A142CFEDC000DDD35 /* AFHTTPClient.m */,
				F897DE6F142CFEDC000DDD35 /* AFImageRequestOperation.h */,
				F897DE70142CFEDC000DDD35 /* AFImageRequestOperation.m */,
				F897DE6D142CFEDC000DDD35 /* AFImageCache.h */,
				F897DE6E142CFEDC000DDD35 /* AFImageCache.m */,
				F8323C901455B4FE00190CCB /* AFJSONUtilities.h */,
			);
			name = AFNetworking;
			path = ../../AFNetworking;
			sourceTree = "<group>";
		};
		F8A27ABD142CFE1300F5E0D6 /* Vendor */ = {
			isa = PBXGroup;
			children = (
				F897DE68142CFEDC000DDD35 /* AFNetworking */,
				F8A27ABE142CFE1300F5E0D6 /* JSONKit */,
			);
			path = Vendor;
			sourceTree = "<group>";
		};
		F8A27ABE142CFE1300F5E0D6 /* JSONKit */ = {
			isa = PBXGroup;
			children = (
				F8A27ABF142CFE1300F5E0D6 /* JSONKit.h */,
				F8A27AC0142CFE1300F5E0D6 /* JSONKit.m */,
			);
			path = JSONKit;
			sourceTree = "<group>";
		};
		F8A27ACD142CFE3000F5E0D6 /* Supporting Files */ = {
			isa = PBXGroup;
			children = (
				F8A27AB3142CFE1300F5E0D6 /* main.m */,
				F8A27AB1142CFE1300F5E0D6 /* Info.plist */,
				F8A27AB2142CFE1300F5E0D6 /* AppDelegate.m */,
				F8A27AC4142CFE1300F5E0D6 /* Prefix.pch */,
				F8A27AC5142CFE1300F5E0D6 /* AppDelegate.h */,
				F8A27AB9142CFE1300F5E0D6 /* Credits.rtf */,
				F8A27ABB142CFE1300F5E0D6 /* MainMenu.xib */,
				F87A15DA1444A86600318955 /* Images */,
			);
			name = "Supporting Files";
			sourceTree = "<group>";
		};
		F8CEEB5F142CEC6E00247B03 = {
			isa = PBXGroup;
			children = (
				F87A15C41444A30800318955 /* Classes */,
				F8A27ACD142CFE3000F5E0D6 /* Supporting Files */,
				F8A27ABD142CFE1300F5E0D6 /* Vendor */,
				F8CEEB6D142CEC6E00247B03 /* Frameworks */,
				F8CEEB6B142CEC6E00247B03 /* Products */,
			);
			sourceTree = "<group>";
		};
		F8CEEB6B142CEC6E00247B03 /* Products */ = {
			isa = PBXGroup;
			children = (
				F8CEEB6A142CEC6E00247B03 /* AFNetworking Mac Example.app */,
			);
			name = Products;
			sourceTree = "<group>";
		};
		F8CEEB6D142CEC6E00247B03 /* Frameworks */ = {
			isa = PBXGroup;
			children = (
				F87A15D01444A3EB00318955 /* CoreLocation.framework */,
				F8CEEB6E142CEC6E00247B03 /* Cocoa.framework */,
				F8CEEB70142CEC6E00247B03 /* Other Frameworks */,
			);
			name = Frameworks;
			sourceTree = "<group>";
		};
		F8CEEB70142CEC6E00247B03 /* Other Frameworks */ = {
			isa = PBXGroup;
			children = (
				F8CEEB71142CEC6E00247B03 /* AppKit.framework */,
				F8CEEB72142CEC6E00247B03 /* CoreData.framework */,
				F8CEEB73142CEC6E00247B03 /* Foundation.framework */,
			);
			name = "Other Frameworks";
			sourceTree = "<group>";
		};
/* End PBXGroup section */

/* Begin PBXNativeTarget section */
		F8CEEB69142CEC6E00247B03 /* AFNetworking Mac Example */ = {
			isa = PBXNativeTarget;
			buildConfigurationList = F8CEEB88142CEC6E00247B03 /* Build configuration list for PBXNativeTarget "AFNetworking Mac Example" */;
			buildPhases = (
				F8CEEB66142CEC6E00247B03 /* Sources */,
				F8CEEB67142CEC6E00247B03 /* Frameworks */,
				F8CEEB68142CEC6E00247B03 /* Resources */,
			);
			buildRules = (
			);
			dependencies = (
			);
			name = "AFNetworking Mac Example";
			productName = "AFNetworking Mac Example";
			productReference = F8CEEB6A142CEC6E00247B03 /* AFNetworking Mac Example.app */;
			productType = "com.apple.product-type.application";
		};
/* End PBXNativeTarget section */

/* Begin PBXProject section */
		F8CEEB61142CEC6E00247B03 /* Project object */ = {
			isa = PBXProject;
			attributes = {
				LastUpgradeCheck = 0420;
				ORGANIZATIONNAME = Gowalla;
			};
			buildConfigurationList = F8CEEB64142CEC6E00247B03 /* Build configuration list for PBXProject "AFNetworking Mac Example" */;
			compatibilityVersion = "Xcode 3.2";
			developmentRegion = English;
			hasScannedForEncodings = 0;
			knownRegions = (
				en,
			);
			mainGroup = F8CEEB5F142CEC6E00247B03;
			productRefGroup = F8CEEB6B142CEC6E00247B03 /* Products */;
			projectDirPath = "";
			projectRoot = "";
			targets = (
				F8CEEB69142CEC6E00247B03 /* AFNetworking Mac Example */,
			);
		};
/* End PBXProject section */

/* Begin PBXResourcesBuildPhase section */
		F8CEEB68142CEC6E00247B03 /* Resources */ = {
			isa = PBXResourcesBuildPhase;
			buildActionMask = 2147483647;
			files = (
				F8A27AC9142CFE1300F5E0D6 /* Credits.rtf in Resources */,
				F8A27ACA142CFE1300F5E0D6 /* MainMenu.xib in Resources */,
				F87A15DD1444A86600318955 /* placeholder-stamp.png in Resources */,
			);
			runOnlyForDeploymentPostprocessing = 0;
		};
/* End PBXResourcesBuildPhase section */

/* Begin PBXSourcesBuildPhase section */
		F8CEEB66142CEC6E00247B03 /* Sources */ = {
			isa = PBXSourcesBuildPhase;
			buildActionMask = 2147483647;
			files = (
				F8A27AC7142CFE1300F5E0D6 /* AppDelegate.m in Sources */,
				F8A27AC8142CFE1300F5E0D6 /* main.m in Sources */,
				F8A27ACB142CFE1300F5E0D6 /* JSONKit.m in Sources */,
				F897DE78142CFEDC000DDD35 /* AFHTTPClient.m in Sources */,
				F897DE79142CFEDC000DDD35 /* AFHTTPRequestOperation.m in Sources */,
				F897DE7A142CFEDC000DDD35 /* AFImageCache.m in Sources */,
				F897DE7B142CFEDC000DDD35 /* AFImageRequestOperation.m in Sources */,
				F897DE7C142CFEDC000DDD35 /* AFJSONRequestOperation.m in Sources */,
				F87A159F1444926300318955 /* AFURLConnectionOperation.m in Sources */,
				F87A15A21444926A00318955 /* AFXMLRequestOperation.m in Sources */,
				F87A15A51444927300318955 /* AFPropertyListRequestOperation.m in Sources */,
				F87A15CD1444A30800318955 /* AFGowallaAPIClient.m in Sources */,
				F87A15CE1444A30800318955 /* NearbySpotsController.m in Sources */,
				F87A15CF1444A30800318955 /* Spot.m in Sources */,
			);
			runOnlyForDeploymentPostprocessing = 0;
		};
/* End PBXSourcesBuildPhase section */

/* Begin PBXVariantGroup section */
		F8A27AB9142CFE1300F5E0D6 /* Credits.rtf */ = {
			isa = PBXVariantGroup;
			children = (
				F8A27ABA142CFE1300F5E0D6 /* en */,
			);
			name = Credits.rtf;
			path = en.lproj;
			sourceTree = "<group>";
		};
		F8A27ABB142CFE1300F5E0D6 /* MainMenu.xib */ = {
			isa = PBXVariantGroup;
			children = (
				F8A27ABC142CFE1300F5E0D6 /* en */,
			);
			name = MainMenu.xib;
			path = en.lproj;
			sourceTree = "<group>";
		};
/* End PBXVariantGroup section */

/* Begin XCBuildConfiguration section */
		F8CEEB86142CEC6E00247B03 /* Debug */ = {
			isa = XCBuildConfiguration;
			buildSettings = {
				ALWAYS_SEARCH_USER_PATHS = NO;
				ARCHS = "$(ARCHS_STANDARD_64_BIT)";
				CLANG_ENABLE_OBJC_ARC = YES;
				COPY_PHASE_STRIP = NO;
				GCC_C_LANGUAGE_STANDARD = gnu99;
				GCC_DYNAMIC_NO_PIC = NO;
				GCC_ENABLE_OBJC_EXCEPTIONS = YES;
				GCC_OPTIMIZATION_LEVEL = 0;
				GCC_PREPROCESSOR_DEFINITIONS = (
					"DEBUG=1",
					"$(inherited)",
				);
				GCC_SYMBOLS_PRIVATE_EXTERN = NO;
				GCC_VERSION = com.apple.compilers.llvm.clang.1_0;
				GCC_WARN_64_TO_32_BIT_CONVERSION = YES;
				GCC_WARN_ABOUT_MISSING_PROTOTYPES = YES;
				GCC_WARN_ABOUT_RETURN_TYPE = YES;
				GCC_WARN_UNUSED_VARIABLE = YES;
				MACOSX_DEPLOYMENT_TARGET = 10.6;
				ONLY_ACTIVE_ARCH = YES;
				SDKROOT = macosx;
			};
			name = Debug;
		};
		F8CEEB87142CEC6E00247B03 /* Release */ = {
			isa = XCBuildConfiguration;
			buildSettings = {
				ALWAYS_SEARCH_USER_PATHS = NO;
				ARCHS = "$(ARCHS_STANDARD_64_BIT)";
				CLANG_ENABLE_OBJC_ARC = YES;
				COPY_PHASE_STRIP = YES;
				DEBUG_INFORMATION_FORMAT = "dwarf-with-dsym";
				GCC_C_LANGUAGE_STANDARD = gnu99;
				GCC_ENABLE_OBJC_EXCEPTIONS = YES;
				GCC_VERSION = com.apple.compilers.llvm.clang.1_0;
				GCC_WARN_64_TO_32_BIT_CONVERSION = YES;
				GCC_WARN_ABOUT_MISSING_PROTOTYPES = YES;
				GCC_WARN_ABOUT_RETURN_TYPE = YES;
				GCC_WARN_UNUSED_VARIABLE = YES;
				MACOSX_DEPLOYMENT_TARGET = 10.6;
				SDKROOT = macosx;
			};
			name = Release;
		};
		F8CEEB89142CEC6E00247B03 /* Debug */ = {
			isa = XCBuildConfiguration;
			buildSettings = {
				GCC_PRECOMPILE_PREFIX_HEADER = YES;
				GCC_PREFIX_HEADER = Prefix.pch;
				INFOPLIST_FILE = Info.plist;
				PRODUCT_NAME = "$(TARGET_NAME)";
				WRAPPER_EXTENSION = app;
			};
			name = Debug;
		};
		F8CEEB8A142CEC6E00247B03 /* Release */ = {
			isa = XCBuildConfiguration;
			buildSettings = {
				GCC_PRECOMPILE_PREFIX_HEADER = YES;
				GCC_PREFIX_HEADER = Prefix.pch;
				INFOPLIST_FILE = Info.plist;
				PRODUCT_NAME = "$(TARGET_NAME)";
				WRAPPER_EXTENSION = app;
			};
			name = Release;
		};
/* End XCBuildConfiguration section */

/* Begin XCConfigurationList section */
		F8CEEB64142CEC6E00247B03 /* Build configuration list for PBXProject "AFNetworking Mac Example" */ = {
			isa = XCConfigurationList;
			buildConfigurations = (
				F8CEEB86142CEC6E00247B03 /* Debug */,
				F8CEEB87142CEC6E00247B03 /* Release */,
			);
			defaultConfigurationIsVisible = 0;
			defaultConfigurationName = Release;
		};
		F8CEEB88142CEC6E00247B03 /* Build configuration list for PBXNativeTarget "AFNetworking Mac Example" */ = {
			isa = XCConfigurationList;
			buildConfigurations = (
				F8CEEB89142CEC6E00247B03 /* Debug */,
				F8CEEB8A142CEC6E00247B03 /* Release */,
			);
			defaultConfigurationIsVisible = 0;
			defaultConfigurationName = Release;
		};
/* End XCConfigurationList section */
	};
	rootObject = F8CEEB61142CEC6E00247B03 /* Project object */;
}
